
Microsoft Visual Studio Solution File, Format Version 12.00
# Visual Studio Version 17
VisualStudioVersion = 17.1.32328.378
MinimumVisualStudioVersion = 10.0.40219.1
Project("{FAE04EC0-301F-11D3-BF4B-00C04F79EFBC}") = "hello world", "hello world\hello world.csproj", "{C7C17562-D9D7-4000-B07F-83BC0D600CED}"
EndProject
Global
	GlobalSection(SolutionConfigurationPlatforms) = preSolution
		Debug|Any CPU = Debug|Any CPU
		Release|Any CPU = Release|Any CPU
	EndGlobalSection
	GlobalSection(ProjectConfigurationPlatforms) = postSolution
		{C7C17562-D9D7-4000-B07F-83BC0D600CED}.Debug|Any CPU.ActiveCfg = Debug|Any CPU
		{C7C17562-D9D7-4000-B07F-83BC0D600CED}.Debug|Any CPU.Build.0 = Debug|Any CPU
		{C7C17562-D9D7-4000-B07F-83BC0D600CED}.Release|Any CPU.ActiveCfg = Release|Any CPU
		{C7C17562-D9D7-4000-B07F-83BC0D600CED}.Release|Any CPU.Build.0 = Release|Any CPU
	EndGlobalSection
	GlobalSection(SolutionProperties) = preSolution
		HideSolutionNode = FALSE
	EndGlobalSection
	GlobalSection(ExtensibilityGlobals) = postSolution
		SolutionGuid = {05E94D19-903E-42EF-83B5-F626A20B4DB9}
	EndGlobalSection
EndGlobal
