
Microsoft Visual Studio Solution File, Format Version 12.00
# Visual Studio Version 17
VisualStudioVersion = 17.1.32328.378
MinimumVisualStudioVersion = 10.0.40219.1
Project("{FAE04EC0-301F-11D3-BF4B-00C04F79EFBC}") = "ERP.Financeiro", "ERP.Financeiro\ERP.Financeiro.csproj", "{AB930C83-9385-4E8C-A321-1B40F649E39D}"
EndProject
Project("{FAE04EC0-301F-11D3-BF4B-00C04F79EFBC}") = "ERP.Financeiro.Funcoes", "ERP.Financeiro.Funcoes\ERP.Financeiro.Funcoes.csproj", "{9E865929-E155-42DE-BD8A-C2629A3C998D}"
EndProject
Global
	GlobalSection(SolutionConfigurationPlatforms) = preSolution
		Debug|Any CPU = Debug|Any CPU
		Release|Any CPU = Release|Any CPU
	EndGlobalSection
	GlobalSection(ProjectConfigurationPlatforms) = postSolution
		{AB930C83-9385-4E8C-A321-1B40F649E39D}.Debug|Any CPU.ActiveCfg = Debug|Any CPU
		{AB930C83-9385-4E8C-A321-1B40F649E39D}.Debug|Any CPU.Build.0 = Debug|Any CPU
		{AB930C83-9385-4E8C-A321-1B40F649E39D}.Release|Any CPU.ActiveCfg = Release|Any CPU
		{AB930C83-9385-4E8C-A321-1B40F649E39D}.Release|Any CPU.Build.0 = Release|Any CPU
		{9E865929-E155-42DE-BD8A-C2629A3C998D}.Debug|Any CPU.ActiveCfg = Debug|Any CPU
		{9E865929-E155-42DE-BD8A-C2629A3C998D}.Debug|Any CPU.Build.0 = Debug|Any CPU
		{9E865929-E155-42DE-BD8A-C2629A3C998D}.Release|Any CPU.ActiveCfg = Release|Any CPU
		{9E865929-E155-42DE-BD8A-C2629A3C998D}.Release|Any CPU.Build.0 = Release|Any CPU
	EndGlobalSection
	GlobalSection(SolutionProperties) = preSolution
		HideSolutionNode = FALSE
	EndGlobalSection
	GlobalSection(ExtensibilityGlobals) = postSolution
		SolutionGuid = {B21FEB1E-0C4A-4CC7-BB9B-8716B375899F}
	EndGlobalSection
EndGlobal
